
Microsoft Visual Studio Solution File, Format Version 12.00
# Visual Studio 2012
Project("{2150E333-8FDC-42A3-9474-1A3956D46DE8}") = "Solution Items", "Solution Items", "{667E70F0-A11A-4FA4-A5B5-692B2DE34BE8}"
	ProjectSection(SolutionItems) = preProject
		..\..\ProductInfo.cs = ..\..\ProductInfo.cs
	EndProjectSection
EndProject
Project("{FAE04EC0-301F-11D3-BF4B-00C04F79EFBC}") = "SapServices", "SapServices.csproj", "{82F6E7AE-ED7E-489C-A820-67FBBDFCDF2E}"
EndProject
Project("{F088123C-0E9E-452A-89E6-6BA2F21D5CAC}") = "Architektur", "Architektur\Architektur.modelproj", "{ADBA1967-49BB-4AB2-992F-CF28ECFBB113}"
EndProject
Project("{FAE04EC0-301F-11D3-BF4B-00C04F79EFBC}") = "SapServices.Tests", "SapServices.Tests\SapServices.Tests.csproj", "{0EDCEFF5-7B6F-46B1-8CCF-6ADDA8123EA0}"
EndProject
Global
	GlobalSection(SolutionConfigurationPlatforms) = preSolution
		Debug|Any CPU = Debug|Any CPU
		Release|Any CPU = Release|Any CPU
	EndGlobalSection
	GlobalSection(ProjectConfigurationPlatforms) = postSolution
		{82F6E7AE-ED7E-489C-A820-67FBBDFCDF2E}.Debug|Any CPU.ActiveCfg = Debug|Any CPU
		{82F6E7AE-ED7E-489C-A820-67FBBDFCDF2E}.Debug|Any CPU.Build.0 = Debug|Any CPU
		{82F6E7AE-ED7E-489C-A820-67FBBDFCDF2E}.Release|Any CPU.ActiveCfg = Release|Any CPU
		{82F6E7AE-ED7E-489C-A820-67FBBDFCDF2E}.Release|Any CPU.Build.0 = Release|Any CPU
		{ADBA1967-49BB-4AB2-992F-CF28ECFBB113}.Debug|Any CPU.ActiveCfg = Debug|Any CPU
		{ADBA1967-49BB-4AB2-992F-CF28ECFBB113}.Release|Any CPU.ActiveCfg = Release|Any CPU
		{0EDCEFF5-7B6F-46B1-8CCF-6ADDA8123EA0}.Debug|Any CPU.ActiveCfg = Debug|Any CPU
		{0EDCEFF5-7B6F-46B1-8CCF-6ADDA8123EA0}.Debug|Any CPU.Build.0 = Debug|Any CPU
		{0EDCEFF5-7B6F-46B1-8CCF-6ADDA8123EA0}.Release|Any CPU.ActiveCfg = Release|Any CPU
	EndGlobalSection
	GlobalSection(SolutionProperties) = preSolution
		HideSolutionNode = FALSE
	EndGlobalSection
	GlobalSection(ExtensibilityGlobals) = postSolution
		EnterpriseLibraryConfigurationToolBinariesPath = packages\Unity.2.1.505.0\lib\NET35
	EndGlobalSection
EndGlobal
