
Microsoft Visual Studio Solution File, Format Version 12.00
# Visual Studio 2012
Project("{2150E333-8FDC-42A3-9474-1A3956D46DE8}") = "Solution Items", "Solution Items", "{667E70F0-A11A-4FA4-A5B5-692B2DE34BE8}"
	ProjectSection(SolutionItems) = preProject
		..\..\ProductInfo.cs = ..\..\ProductInfo.cs
	EndProjectSection
EndProject
Project("{FAE04EC0-301F-11D3-BF4B-00C04F79EFBC}") = "ErpServices", "ErpServices.csproj", "{CF2F9616-68A4-4547-8882-106C2F1F2190}"
EndProject
Project("{FAE04EC0-301F-11D3-BF4B-00C04F79EFBC}") = "ErpServices.Tests", "ErpServices.Tests\ErpServices.Tests.csproj", "{B3CA7EF8-FDBA-494C-AA80-2FCDFF8E89C8}"
EndProject
Project("{F088123C-0E9E-452A-89E6-6BA2F21D5CAC}") = "Architektur", "Architektur\Architektur.modelproj", "{05332D8D-6198-4C9C-ABB5-DF41DA068889}"
EndProject
Global
	GlobalSection(SolutionConfigurationPlatforms) = preSolution
		Debug|Any CPU = Debug|Any CPU
		Release|Any CPU = Release|Any CPU
	EndGlobalSection
	GlobalSection(ProjectConfigurationPlatforms) = postSolution
		{CF2F9616-68A4-4547-8882-106C2F1F2190}.Debug|Any CPU.ActiveCfg = Debug|Any CPU
		{CF2F9616-68A4-4547-8882-106C2F1F2190}.Debug|Any CPU.Build.0 = Debug|Any CPU
		{CF2F9616-68A4-4547-8882-106C2F1F2190}.Release|Any CPU.ActiveCfg = Release|Any CPU
		{CF2F9616-68A4-4547-8882-106C2F1F2190}.Release|Any CPU.Build.0 = Release|Any CPU
		{B3CA7EF8-FDBA-494C-AA80-2FCDFF8E89C8}.Debug|Any CPU.ActiveCfg = Debug|Any CPU
		{B3CA7EF8-FDBA-494C-AA80-2FCDFF8E89C8}.Debug|Any CPU.Build.0 = Debug|Any CPU
		{B3CA7EF8-FDBA-494C-AA80-2FCDFF8E89C8}.Release|Any CPU.ActiveCfg = Release|Any CPU
		{05332D8D-6198-4C9C-ABB5-DF41DA068889}.Debug|Any CPU.ActiveCfg = Debug|Any CPU
		{05332D8D-6198-4C9C-ABB5-DF41DA068889}.Release|Any CPU.ActiveCfg = Release|Any CPU
	EndGlobalSection
	GlobalSection(SolutionProperties) = preSolution
		HideSolutionNode = FALSE
	EndGlobalSection
	GlobalSection(ExtensibilityGlobals) = postSolution
		EnterpriseLibraryConfigurationToolBinariesPath = packages\Unity.2.1.505.0\lib\NET35
	EndGlobalSection
EndGlobal
